{
  "version": 4,
  "terraform_version": "1.12.0",
  "serial": 77,
  "lineage": "c697886d-0c12-c170-3736-ad3210135ea6",
  "outputs": {},
  "resources": [
    {
      "mode": "managed",
      "type": "azurerm_resource_group",
      "name": "avd_rg",
      "provider": "provider[\"registry.terraform.io/hashicorp/azurerm\"]",
      "instances": [
        {
          "schema_version": 0,
          "attributes": {
            "id": "/subscriptions/5d4206f2-8af2-479a-b7f9-5fb434457d5f/resourceGroups/rp-avd-resource-group",
            "location": "eastus",
            "managed_by": "",
            "name": "rp-avd-resource-group",
            "tags": {},
            "timeouts": null
          },
          "sensitive_attributes": [],
          "private": "eyJlMmJmYjczMC1lY2FhLTExZTYtOGY4OC0zNDM2M2JjN2M0YzAiOnsiY3JlYXRlIjo1NDAwMDAwMDAwMDAwLCJkZWxldGUiOjU0MDAwMDAwMDAwMDAsInJlYWQiOjMwMDAwMDAwMDAwMCwidXBkYXRlIjo1NDAwMDAwMDAwMDAwfX0="
        }
      ]
    },
    {
      "mode": "managed",
      "type": "azurerm_virtual_desktop_host_pool",
      "name": "avd_host_pool",
      "provider": "provider[\"registry.terraform.io/hashicorp/azurerm\"]",
      "instances": [
        {
          "schema_version": 1,
          "attributes": {
            "custom_rdp_properties": "",
            "description": "",
            "friendly_name": "",
            "id": "/subscriptions/5d4206f2-8af2-479a-b7f9-5fb434457d5f/resourceGroups/rp-avd-resource-group/providers/Microsoft.DesktopVirtualization/hostPools/avd-host-pool",
            "load_balancer_type": "BreadthFirst",
            "location": "eastus",
            "maximum_sessions_allowed": 999999,
            "name": "avd-host-pool",
            "personal_desktop_assignment_type": "",
            "preferred_app_group_type": "Desktop",
            "public_network_access": "Enabled",
            "resource_group_name": "rp-avd-resource-group",
            "scheduled_agent_updates": [],
            "start_vm_on_connect": false,
            "tags": {},
            "timeouts": null,
            "type": "Pooled",
            "validate_environment": false,
            "vm_template": ""
          },
          "sensitive_attributes": [],
          "private": "eyJlMmJmYjczMC1lY2FhLTExZTYtOGY4OC0zNDM2M2JjN2M0YzAiOnsiY3JlYXRlIjozNjAwMDAwMDAwMDAwLCJkZWxldGUiOjM2MDAwMDAwMDAwMDAsInJlYWQiOjMwMDAwMDAwMDAwMCwidXBkYXRlIjozNjAwMDAwMDAwMDAwfSwic2NoZW1hX3ZlcnNpb24iOiIxIn0=",
          "dependencies": [
            "azurerm_resource_group.avd_rg"
          ]
        }
      ]
    }
  ],
  "check_results": null
}
